
Microsoft Visual Studio Solution File, Format Version 12.00
# Visual Studio Version 17
VisualStudioVersion = 17.10.34928.147
MinimumVisualStudioVersion = 10.0.40219.1
Project("{2150E333-8FDC-42A3-9474-1A3956D46DE8}") = "Solution Items", "Solution Items", "{52DAC144-543C-44A6-95B1-F82F542E2D9F}"
	ProjectSection(SolutionItems) = preProject
		.editorconfig = .editorconfig
	EndProjectSection
EndProject
Project("{2150E333-8FDC-42A3-9474-1A3956D46DE8}") = "1 - Api", "1 - Api", "{4FFFBF8F-CFEB-41BD-A560-A036F25BCCB5}"
EndProject
Project("{2150E333-8FDC-42A3-9474-1A3956D46DE8}") = "src", "src", "{BB1CBD29-BCE2-4D09-8323-B5DEE0C80E46}"
EndProject
Project("{9A19103F-16F7-4668-BE54-9A1E7A4F7556}") = "AudioToSearch.Api", "src\AudioToSearch.Api\AudioToSearch.Api.csproj", "{A786E2C9-34A8-4D4C-A5A7-9F61A54F62BE}"
EndProject
Project("{2150E333-8FDC-42A3-9474-1A3956D46DE8}") = "2 - Aplication", "2 - Aplication", "{12E91842-4E30-490A-9AE1-84BB6757A1AA}"
EndProject
Project("{2150E333-8FDC-42A3-9474-1A3956D46DE8}") = "4 - Infra", "4 - Infra", "{45277118-5A84-4094-9E9D-9229F668D288}"
EndProject
Project("{9A19103F-16F7-4668-BE54-9A1E7A4F7556}") = "AudioToSearch.Aplication", "src\AudioToSearch.Aplication\AudioToSearch.Aplication.csproj", "{C2C75C79-5FF2-4AB5-8005-671BEEC62AA3}"
EndProject
Project("{9A19103F-16F7-4668-BE54-9A1E7A4F7556}") = "AudioToSearch.Infra.CrossCutting.Settings", "src\AudioToSearch.Infra.CrossCutting.Settings\AudioToSearch.Infra.CrossCutting.Settings.csproj", "{2B900BE2-69D8-436F-B32F-D6EC0C4F1FB9}"
EndProject
Project("{9A19103F-16F7-4668-BE54-9A1E7A4F7556}") = "AudioToSearch.Infra.ServiceAgents.SpeechToText", "src\AudioToSearch.Infra.ServiceAgents.SpeechToText\AudioToSearch.Infra.ServiceAgents.SpeechToText.csproj", "{257E53C8-E202-409F-AC62-F47413F187D3}"
EndProject
Project("{2150E333-8FDC-42A3-9474-1A3956D46DE8}") = "3 - Domain", "3 - Domain", "{4A4ACD39-CD3E-4010-821D-F8B665292581}"
EndProject
Project("{9A19103F-16F7-4668-BE54-9A1E7A4F7556}") = "AudioToSearch.Infra.Data", "src\AudioToSearch.Infra.Data\AudioToSearch.Infra.Data.csproj", "{F4B98A95-2691-4121-9B6F-C0CE80385CD9}"
EndProject
Project("{9A19103F-16F7-4668-BE54-9A1E7A4F7556}") = "AudioToSearch.Domain", "src\AudioToSearch.Domain\AudioToSearch.Domain.csproj", "{59B6C890-B71E-4317-BB3C-56258107663C}"
EndProject
Project("{9A19103F-16F7-4668-BE54-9A1E7A4F7556}") = "AudioToSearch.Infra.ServiceAgents.ProvaderAI", "src\AudioToSearch.Infra.ServiceAgents.ProvaderAI\AudioToSearch.Infra.ServiceAgents.ProvaderAI.csproj", "{FCCA70E0-13BB-4C2A-B2C8-C00AE3D1EEF0}"
EndProject
Project("{2150E333-8FDC-42A3-9474-1A3956D46DE8}") = "test", "test", "{FF539ED4-F46E-4EF8-BB43-0D2418BFA87C}"
EndProject
Project("{FAE04EC0-301F-11D3-BF4B-00C04F79EFBC}") = "AudioToSearch.Infra.ServiceAgents.ProvaderAI.Test", "test\AudioToSearch.Infra.ServiceAgents.ProvaderAI.Test\AudioToSearch.Infra.ServiceAgents.ProvaderAI.Test.csproj", "{659BF061-A827-4C9B-954F-42305A10FB67}"
EndProject
Global
	GlobalSection(SolutionConfigurationPlatforms) = preSolution
		Debug|Any CPU = Debug|Any CPU
		Release|Any CPU = Release|Any CPU
	EndGlobalSection
	GlobalSection(ProjectConfigurationPlatforms) = postSolution
		{A786E2C9-34A8-4D4C-A5A7-9F61A54F62BE}.Debug|Any CPU.ActiveCfg = Debug|Any CPU
		{A786E2C9-34A8-4D4C-A5A7-9F61A54F62BE}.Debug|Any CPU.Build.0 = Debug|Any CPU
		{A786E2C9-34A8-4D4C-A5A7-9F61A54F62BE}.Release|Any CPU.ActiveCfg = Release|Any CPU
		{A786E2C9-34A8-4D4C-A5A7-9F61A54F62BE}.Release|Any CPU.Build.0 = Release|Any CPU
		{C2C75C79-5FF2-4AB5-8005-671BEEC62AA3}.Debug|Any CPU.ActiveCfg = Debug|Any CPU
		{C2C75C79-5FF2-4AB5-8005-671BEEC62AA3}.Debug|Any CPU.Build.0 = Debug|Any CPU
		{C2C75C79-5FF2-4AB5-8005-671BEEC62AA3}.Release|Any CPU.ActiveCfg = Release|Any CPU
		{C2C75C79-5FF2-4AB5-8005-671BEEC62AA3}.Release|Any CPU.Build.0 = Release|Any CPU
		{2B900BE2-69D8-436F-B32F-D6EC0C4F1FB9}.Debug|Any CPU.ActiveCfg = Debug|Any CPU
		{2B900BE2-69D8-436F-B32F-D6EC0C4F1FB9}.Debug|Any CPU.Build.0 = Debug|Any CPU
		{2B900BE2-69D8-436F-B32F-D6EC0C4F1FB9}.Release|Any CPU.ActiveCfg = Release|Any CPU
		{2B900BE2-69D8-436F-B32F-D6EC0C4F1FB9}.Release|Any CPU.Build.0 = Release|Any CPU
		{257E53C8-E202-409F-AC62-F47413F187D3}.Debug|Any CPU.ActiveCfg = Debug|Any CPU
		{257E53C8-E202-409F-AC62-F47413F187D3}.Debug|Any CPU.Build.0 = Debug|Any CPU
		{257E53C8-E202-409F-AC62-F47413F187D3}.Release|Any CPU.ActiveCfg = Release|Any CPU
		{257E53C8-E202-409F-AC62-F47413F187D3}.Release|Any CPU.Build.0 = Release|Any CPU
		{F4B98A95-2691-4121-9B6F-C0CE80385CD9}.Debug|Any CPU.ActiveCfg = Debug|Any CPU
		{F4B98A95-2691-4121-9B6F-C0CE80385CD9}.Debug|Any CPU.Build.0 = Debug|Any CPU
		{F4B98A95-2691-4121-9B6F-C0CE80385CD9}.Release|Any CPU.ActiveCfg = Release|Any CPU
		{F4B98A95-2691-4121-9B6F-C0CE80385CD9}.Release|Any CPU.Build.0 = Release|Any CPU
		{59B6C890-B71E-4317-BB3C-56258107663C}.Debug|Any CPU.ActiveCfg = Debug|Any CPU
		{59B6C890-B71E-4317-BB3C-56258107663C}.Debug|Any CPU.Build.0 = Debug|Any CPU
		{59B6C890-B71E-4317-BB3C-56258107663C}.Release|Any CPU.ActiveCfg = Release|Any CPU
		{59B6C890-B71E-4317-BB3C-56258107663C}.Release|Any CPU.Build.0 = Release|Any CPU
		{FCCA70E0-13BB-4C2A-B2C8-C00AE3D1EEF0}.Debug|Any CPU.ActiveCfg = Debug|Any CPU
		{FCCA70E0-13BB-4C2A-B2C8-C00AE3D1EEF0}.Debug|Any CPU.Build.0 = Debug|Any CPU
		{FCCA70E0-13BB-4C2A-B2C8-C00AE3D1EEF0}.Release|Any CPU.ActiveCfg = Release|Any CPU
		{FCCA70E0-13BB-4C2A-B2C8-C00AE3D1EEF0}.Release|Any CPU.Build.0 = Release|Any CPU
		{659BF061-A827-4C9B-954F-42305A10FB67}.Debug|Any CPU.ActiveCfg = Debug|Any CPU
		{659BF061-A827-4C9B-954F-42305A10FB67}.Debug|Any CPU.Build.0 = Debug|Any CPU
		{659BF061-A827-4C9B-954F-42305A10FB67}.Release|Any CPU.ActiveCfg = Release|Any CPU
		{659BF061-A827-4C9B-954F-42305A10FB67}.Release|Any CPU.Build.0 = Release|Any CPU
	EndGlobalSection
	GlobalSection(SolutionProperties) = preSolution
		HideSolutionNode = FALSE
	EndGlobalSection
	GlobalSection(NestedProjects) = preSolution
		{4FFFBF8F-CFEB-41BD-A560-A036F25BCCB5} = {BB1CBD29-BCE2-4D09-8323-B5DEE0C80E46}
		{A786E2C9-34A8-4D4C-A5A7-9F61A54F62BE} = {4FFFBF8F-CFEB-41BD-A560-A036F25BCCB5}
		{12E91842-4E30-490A-9AE1-84BB6757A1AA} = {BB1CBD29-BCE2-4D09-8323-B5DEE0C80E46}
		{45277118-5A84-4094-9E9D-9229F668D288} = {BB1CBD29-BCE2-4D09-8323-B5DEE0C80E46}
		{C2C75C79-5FF2-4AB5-8005-671BEEC62AA3} = {12E91842-4E30-490A-9AE1-84BB6757A1AA}
		{2B900BE2-69D8-436F-B32F-D6EC0C4F1FB9} = {45277118-5A84-4094-9E9D-9229F668D288}
		{257E53C8-E202-409F-AC62-F47413F187D3} = {45277118-5A84-4094-9E9D-9229F668D288}
		{4A4ACD39-CD3E-4010-821D-F8B665292581} = {BB1CBD29-BCE2-4D09-8323-B5DEE0C80E46}
		{F4B98A95-2691-4121-9B6F-C0CE80385CD9} = {45277118-5A84-4094-9E9D-9229F668D288}
		{59B6C890-B71E-4317-BB3C-56258107663C} = {4A4ACD39-CD3E-4010-821D-F8B665292581}
		{FCCA70E0-13BB-4C2A-B2C8-C00AE3D1EEF0} = {45277118-5A84-4094-9E9D-9229F668D288}
		{659BF061-A827-4C9B-954F-42305A10FB67} = {FF539ED4-F46E-4EF8-BB43-0D2418BFA87C}
	EndGlobalSection
	GlobalSection(ExtensibilityGlobals) = postSolution
		SolutionGuid = {CC35DEE6-1ED4-4533-83EA-A41DF701524B}
	EndGlobalSection
EndGlobal
